
Microsoft Visual Studio Solution File, Format Version 12.00
# Visual Studio Version 17
VisualStudioVersion = 17.10.35013.160
MinimumVisualStudioVersion = 10.0.40219.1
Project("{FAE04EC0-301F-11D3-BF4B-00C04F79EFBC}") = "Assigment-OOP-4", "Assigment-OOP-4.csproj", "{5B82417D-A868-4300-AB5D-C706C9055883}"
EndProject
Global
	GlobalSection(SolutionConfigurationPlatforms) = preSolution
		Debug|Any CPU = Debug|Any CPU
		Release|Any CPU = Release|Any CPU
	EndGlobalSection
	GlobalSection(ProjectConfigurationPlatforms) = postSolution
		{5B82417D-A868-4300-AB5D-C706C9055883}.Debug|Any CPU.ActiveCfg = Debug|Any CPU
		{5B82417D-A868-4300-AB5D-C706C9055883}.Debug|Any CPU.Build.0 = Debug|Any CPU
		{5B82417D-A868-4300-AB5D-C706C9055883}.Release|Any CPU.ActiveCfg = Release|Any CPU
		{5B82417D-A868-4300-AB5D-C706C9055883}.Release|Any CPU.Build.0 = Release|Any CPU
	EndGlobalSection
	GlobalSection(SolutionProperties) = preSolution
		HideSolutionNode = FALSE
	EndGlobalSection
	GlobalSection(ExtensibilityGlobals) = postSolution
		SolutionGuid = {EBD5BE36-216F-4018-A898-527FA2AE66C8}
	EndGlobalSection
EndGlobal
